
Microsoft Visual Studio Solution File, Format Version 12.00
# Visual Studio 2013
VisualStudioVersion = 12.0.31101.0
MinimumVisualStudioVersion = 10.0.40219.1
Project("{FAE04EC0-301F-11D3-BF4B-00C04F79EFBC}") = "BANANA.Agent", "BANANA.Agent\BANANA.Agent.csproj", "{A2D8DA24-401F-4402-B1A3-3F8C39A5BE58}"
EndProject
Project("{FAE04EC0-301F-11D3-BF4B-00C04F79EFBC}") = "BANANA.Agent.Setup", "BANANA.Agent.Setup\BANANA.Agent.Setup.csproj", "{B26FBCBF-799B-4FF6-A254-45335DFBDB15}"
EndProject
Project("{2150E333-8FDC-42A3-9474-1A3956D46DE8}") = "Solution Items", "Solution Items", "{DD20CA11-53FF-4A84-8BBC-3D9D53A9D02C}"
	ProjectSection(SolutionItems) = preProject
		README.md = README.md
	EndProjectSection
EndProject
Global
	GlobalSection(SolutionConfigurationPlatforms) = preSolution
		Debug|Any CPU = Debug|Any CPU
		Release|Any CPU = Release|Any CPU
	EndGlobalSection
	GlobalSection(ProjectConfigurationPlatforms) = postSolution
		{A2D8DA24-401F-4402-B1A3-3F8C39A5BE58}.Debug|Any CPU.ActiveCfg = Debug|Any CPU
		{A2D8DA24-401F-4402-B1A3-3F8C39A5BE58}.Debug|Any CPU.Build.0 = Debug|Any CPU
		{A2D8DA24-401F-4402-B1A3-3F8C39A5BE58}.Release|Any CPU.ActiveCfg = Release|Any CPU
		{A2D8DA24-401F-4402-B1A3-3F8C39A5BE58}.Release|Any CPU.Build.0 = Release|Any CPU
		{B26FBCBF-799B-4FF6-A254-45335DFBDB15}.Debug|Any CPU.ActiveCfg = Debug|Any CPU
		{B26FBCBF-799B-4FF6-A254-45335DFBDB15}.Debug|Any CPU.Build.0 = Debug|Any CPU
		{B26FBCBF-799B-4FF6-A254-45335DFBDB15}.Release|Any CPU.ActiveCfg = Release|Any CPU
		{B26FBCBF-799B-4FF6-A254-45335DFBDB15}.Release|Any CPU.Build.0 = Release|Any CPU
	EndGlobalSection
	GlobalSection(SolutionProperties) = preSolution
		HideSolutionNode = FALSE
	EndGlobalSection
EndGlobal
